# This file is automatically @generated by Poetry 2.2.1 and should not be changed by hand.

[[package]]
name = "mypy-boto3-secretsmanager"
version = "1.41.0"
description = "Type annotations for boto3 SecretsManager 1.41.0 service generated with mypy-boto3-builder 8.12.0"
optional = false
python-versions = ">=3.9"
groups = ["dev"]
files = [
    {file = "mypy_boto3_secretsmanager-1.41.0-py3-none-any.whl", hash = "sha256:5fc73568d6d4eb24e73416320f594776695ab4c4ab788b734ccec74d810c22bf"},
    {file = "mypy_boto3_secretsmanager-1.41.0.tar.gz", hash = "sha256:d8ca3c3e4c7dfd88b85cf0f956562734e8f3608aaf9f98e9669dc298c0624d5f"},
]

[[package]]
name = "mypy-boto3-ssm"
version = "1.41.0"
description = "Type annotations for boto3 SSM 1.41.0 service generated with mypy-boto3-builder 8.12.0"
optional = false
python-versions = ">=3.9"
groups = ["dev"]
files = [
    {file = "mypy_boto3_ssm-1.41.0-py3-none-any.whl", hash = "sha256:8ee2be4af796dbb7884fc01b22db5b242e0ab93f2330b86745d3a0b69271dc84"},
    {file = "mypy_boto3_ssm-1.41.0.tar.gz", hash = "sha256:959745aa4e77f2ac5a19bf0c755e8fd9fe8ea4ce7e8b771e0965a21342a29d3d"},
]

[[package]]
name = "mypy-boto3-stepfunctions"
version = "1.41.0"
description = "Type annotations for boto3 SFN 1.41.0 service generated with mypy-boto3-builder 8.12.0"
optional = false
python-versions = ">=3.9"
groups = ["dev"]
files = [
    {file = "mypy_boto3_stepfunctions-1.41.0-py3-none-any.whl", hash = "sha256:706e1d38c0cff489a9b97d39ecf964f951600e8a0fafb9a88efc49064d855ec9"},
    {file = "mypy_boto3_stepfunctions-1.41.0.tar.gz", hash = "sha256:8fc7f87f2c5766dd5cecf4790789b9a202f82a463f132507784a6b2df260688a"},
]

[[package]]
name = "verboselogs"
version = "1.7"
description = "Verbose logging level for Python's logging module"
optional = false
python-versions = "*"
groups = ["main"]
files = [
    {file = "verboselogs-1.7-py2.py3-none-any.whl", hash = "sha256:d63f23bf568295b95d3530c6864a0b580cec70e7ff974177dead1e4ffbc6ff49"},
    {file = "verboselogs-1.7.tar.gz", hash = "sha256:e33ddedcdfdafcb3a174701150430b11b46ceb64c2a9a26198c76a156568e427"},
]

[metadata]
lock-version = "2.1"
python-versions = "^3.12, <3.13"
content-hash = "5c84e2a0cdd6bc78cc9d6b4bb7de0dd7b33d4796977dbf0e4087b9c47b06a4ee"
