# This file is automatically @generated by Poetry 2.2.1 and should not be changed by hand.

[[package]]
name = "mypy-boto3-secretsmanager"
version = "1.42.8"
description = "Type annotations for boto3 SecretsManager 1.42.8 service generated with mypy-boto3-builder 8.12.0"
optional = false
python-versions = ">=3.9"
groups = ["dev"]
files = [
    {file = "mypy_boto3_secretsmanager-1.42.8-py3-none-any.whl", hash = "sha256:50c891a88e725a8dba7444018e47590ea63d8e938abe2b1c0b25e5413f39d51d"},
    {file = "mypy_boto3_secretsmanager-1.42.8.tar.gz", hash = "sha256:5ab42f35ce932765ebb1684146f478a87cc4b83bef950fd1aa0e268b88d59c81"},
]

[[package]]
name = "mypy-boto3-ssm"
version = "1.42.54"
description = "Type annotations for boto3 SSM 1.42.54 service generated with mypy-boto3-builder 8.12.0"
optional = false
python-versions = ">=3.9"
groups = ["dev"]
files = [
    {file = "mypy_boto3_ssm-1.42.54-py3-none-any.whl", hash = "sha256:dfd70aa5f60be70437b53482fa6e183bafe922598a50fc6c51f6ad3bd70d8c04"},
    {file = "mypy_boto3_ssm-1.42.54.tar.gz", hash = "sha256:f4bc19a08635757808b66ef94a5b52c3729da998587745962626e60606a1be2c"},
]

[[package]]
name = "mypy-boto3-stepfunctions"
version = "1.42.3"
description = "Type annotations for boto3 SFN 1.42.3 service generated with mypy-boto3-builder 8.12.0"
optional = false
python-versions = ">=3.9"
groups = ["dev"]
files = [
    {file = "mypy_boto3_stepfunctions-1.42.3-py3-none-any.whl", hash = "sha256:1509c58b38389b05d0664e042e66508ea7cb170948cd92c33abe531e933f3c63"},
    {file = "mypy_boto3_stepfunctions-1.42.3.tar.gz", hash = "sha256:bf38f9db42e144e86c7807dff127554defe1548a10ba25824f69cc74554fa5b5"},
]

[[package]]
name = "verboselogs"
version = "1.7"
description = "Verbose logging level for Python's logging module"
optional = false
python-versions = "*"
groups = ["main"]
files = [
    {file = "verboselogs-1.7-py2.py3-none-any.whl", hash = "sha256:d63f23bf568295b95d3530c6864a0b580cec70e7ff974177dead1e4ffbc6ff49"},
    {file = "verboselogs-1.7.tar.gz", hash = "sha256:e33ddedcdfdafcb3a174701150430b11b46ceb64c2a9a26198c76a156568e427"},
]

[metadata]
lock-version = "2.1"
python-versions = "^3.14, <3.15"
content-hash = "61f75ae2cf47fef0750d2ee47230067c01e13c83114de215b27d1b77ba0971aa"
